
Microsoft Visual Studio Solution File, Format Version 12.00
# Visual Studio Version 17
VisualStudioVersion = 17.3.32811.315
MinimumVisualStudioVersion = 10.0.40219.1
Project("{8BC9CEB8-8B4A-11D0-8D11-00A0C91BC942}") = "CudaRasterizer", "CudaRasterizer\CudaRasterizer.vcxproj", "{90B083AF-0F56-4B15-A76C-6891F50AA259}"
EndProject
Global
	GlobalSection(SolutionConfigurationPlatforms) = preSolution
		Debug|x64 = Debug|x64
		Release|x64 = Release|x64
	EndGlobalSection
	GlobalSection(ProjectConfigurationPlatforms) = postSolution
		{90B083AF-0F56-4B15-A76C-6891F50AA259}.Debug|x64.ActiveCfg = Debug|x64
		{90B083AF-0F56-4B15-A76C-6891F50AA259}.Debug|x64.Build.0 = Debug|x64
		{90B083AF-0F56-4B15-A76C-6891F50AA259}.Release|x64.ActiveCfg = Release|x64
		{90B083AF-0F56-4B15-A76C-6891F50AA259}.Release|x64.Build.0 = Release|x64
	EndGlobalSection
	GlobalSection(SolutionProperties) = preSolution
		HideSolutionNode = FALSE
	EndGlobalSection
	GlobalSection(ExtensibilityGlobals) = postSolution
		SolutionGuid = {7C00A35B-5D3D-4869-BE25-F674EF084D7D}
	EndGlobalSection
EndGlobal
